
Microsoft Visual Studio Solution File, Format Version 12.00
# Visual Studio Version 16
VisualStudioVersion = 16.0.30002.166
MinimumVisualStudioVersion = 10.0.40219.1
Project("{FAE04EC0-301F-11D3-BF4B-00C04F79EFBC}") = "PasswordStrengthEstimator", "PasswordStrengthEstimator\PasswordStrengthEstimator.csproj", "{71FA020D-561E-413A-84ED-D998F4FB91DD}"
EndProject
Global
	GlobalSection(SolutionConfigurationPlatforms) = preSolution
		Debug|Any CPU = Debug|Any CPU
		Release|Any CPU = Release|Any CPU
	EndGlobalSection
	GlobalSection(ProjectConfigurationPlatforms) = postSolution
		{71FA020D-561E-413A-84ED-D998F4FB91DD}.Debug|Any CPU.ActiveCfg = Debug|Any CPU
		{71FA020D-561E-413A-84ED-D998F4FB91DD}.Debug|Any CPU.Build.0 = Debug|Any CPU
		{71FA020D-561E-413A-84ED-D998F4FB91DD}.Release|Any CPU.ActiveCfg = Release|Any CPU
		{71FA020D-561E-413A-84ED-D998F4FB91DD}.Release|Any CPU.Build.0 = Release|Any CPU
	EndGlobalSection
	GlobalSection(SolutionProperties) = preSolution
		HideSolutionNode = FALSE
	EndGlobalSection
	GlobalSection(ExtensibilityGlobals) = postSolution
		SolutionGuid = {F2FBF388-2508-4343-B6A3-E59CF3FF170E}
	EndGlobalSection
EndGlobal
